PODS:
  - RRViewControllerExtension (3.2.0)

DEPENDENCIES:
  - RRViewControllerExtension (from `../`)

EXTERNAL SOURCES:
  RRViewControllerExtension:
    :path: "../"

SPEC CHECKSUMS:
  RRViewControllerExtension: fe7d20a8289bb02f1715778fbebda7e3313f9636

PODFILE CHECKSUM: 8f554c242292946d4fca7f60dcb8c4230a4f8777

COCOAPODS: 1.15.2
