PODS:
  - RRViewControllerExtension (3.1.2)

DEPENDENCIES:
  - RRViewControllerExtension (from `../`)

EXTERNAL SOURCES:
  RRViewControllerExtension:
    :path: "../"

SPEC CHECKSUMS:
  RRViewControllerExtension: c71135c9004a9d93daff0bf12dc0ce7e6c33a3fa

PODFILE CHECKSUM: 8f554c242292946d4fca7f60dcb8c4230a4f8777

COCOAPODS: 1.10.2
